// !$*UTF8*$!
{
	archiveVersion = 1;
	classes = {
	};
	objectVersion = 56;
	objects = {

/* Begin PBXBuildFile section */
		DBFFBE2C296DE8AB004B0F37 /* AppDelegate.swift in Sources */ = {isa = PBXBuildFile; fileRef = DBFFBE2B296DE8AB004B0F37 /* AppDelegate.swift */; };
		DBFFBE2E296DE8AB004B0F37 /* SceneDelegate.swift in Sources */ = {isa = PBXBuildFile; fileRef = DBFFBE2D296DE8AB004B0F37 /* SceneDelegate.swift */; };
		DBFFBE30296DE8AB004B0F37 /* RMTabViewController.swift in Sources */ = {isa = PBXBuildFile; fileRef = DBFFBE2F296DE8AB004B0F37 /* RMTabViewController.swift */; };
		DBFFBE35296DE8AD004B0F37 /* Assets.xcassets in Resources */ = {isa = PBXBuildFile; fileRef = DBFFBE34296DE8AD004B0F37 /* Assets.xcassets */; };
		DBFFBE38296DE8AD004B0F37 /* LaunchScreen.storyboard in Resources */ = {isa = PBXBuildFile; fileRef = DBFFBE36296DE8AD004B0F37 /* LaunchScreen.storyboard */; };
		DBFFBE47296DEE0E004B0F37 /* RMLocations.swift in Sources */ = {isa = PBXBuildFile; fileRef = DBFFBE46296DEE0E004B0F37 /* RMLocations.swift */; };
		DBFFBE4A296DEE45004B0F37 /* RMCharacter.swift in Sources */ = {isa = PBXBuildFile; fileRef = DBFFBE49296DEE45004B0F37 /* RMCharacter.swift */; };
		DBFFBE4C296DEE51004B0F37 /* RMEpisode.swift in Sources */ = {isa = PBXBuildFile; fileRef = DBFFBE4B296DEE51004B0F37 /* RMEpisode.swift */; };
		DBFFBE4F296DEEDC004B0F37 /* RMCharacterViewController.swift in Sources */ = {isa = PBXBuildFile; fileRef = DBFFBE4E296DEEDC004B0F37 /* RMCharacterViewController.swift */; };
		DBFFBE51296DEEEF004B0F37 /* RMLocationViewController.swift in Sources */ = {isa = PBXBuildFile; fileRef = DBFFBE50296DEEEF004B0F37 /* RMLocationViewController.swift */; };
		DBFFBE53296DEF09004B0F37 /* RMEpisodeViewController.swift in Sources */ = {isa = PBXBuildFile; fileRef = DBFFBE52296DEF09004B0F37 /* RMEpisodeViewController.swift */; };
		DBFFBE55296DEF11004B0F37 /* RMSettingsViewController.swift in Sources */ = {isa = PBXBuildFile; fileRef = DBFFBE54296DEF11004B0F37 /* RMSettingsViewController.swift */; };
		DBFFBE57296F9ABB004B0F37 /* RMService.swift in Sources */ = {isa = PBXBuildFile; fileRef = DBFFBE56296F9ABB004B0F37 /* RMService.swift */; };
		DBFFBE59296F9AD6004B0F37 /* RMRequest.swift in Sources */ = {isa = PBXBuildFile; fileRef = DBFFBE58296F9AD6004B0F37 /* RMRequest.swift */; };
		DBFFBE5B296F9B52004B0F37 /* RMEndpoint.swift in Sources */ = {isa = PBXBuildFile; fileRef = DBFFBE5A296F9B52004B0F37 /* RMEndpoint.swift */; };
		DBFFBE5D296F9F37004B0F37 /* RMOrigin.swift in Sources */ = {isa = PBXBuildFile; fileRef = DBFFBE5C296F9F37004B0F37 /* RMOrigin.swift */; };
		DBFFBE5F296F9F61004B0F37 /* RMSingleLocation.swift in Sources */ = {isa = PBXBuildFile; fileRef = DBFFBE5E296F9F61004B0F37 /* RMSingleLocation.swift */; };
		DBFFBE61296FA039004B0F37 /* RMCharacterStatus.swift in Sources */ = {isa = PBXBuildFile; fileRef = DBFFBE60296FA039004B0F37 /* RMCharacterStatus.swift */; };
		DBFFBE63296FA04D004B0F37 /* RMCharacterGender.swift in Sources */ = {isa = PBXBuildFile; fileRef = DBFFBE62296FA04D004B0F37 /* RMCharacterGender.swift */; };
		DBFFBE682970CFFB004B0F37 /* RMGetAllCharactersResponse.swift in Sources */ = {isa = PBXBuildFile; fileRef = DBFFBE672970CFFB004B0F37 /* RMGetAllCharactersResponse.swift */; };
		DBFFBE6A2970D376004B0F37 /* RMCharacterListViewViewModel.swift in Sources */ = {isa = PBXBuildFile; fileRef = DBFFBE692970D375004B0F37 /* RMCharacterListViewViewModel.swift */; };
		DBFFBE6C2970D3D3004B0F37 /* RMCharacterListView.swift in Sources */ = {isa = PBXBuildFile; fileRef = DBFFBE6B2970D3D3004B0F37 /* RMCharacterListView.swift */; };
		DBFFBE6E2970DDA5004B0F37 /* Extensions.swift in Sources */ = {isa = PBXBuildFile; fileRef = DBFFBE6D2970DDA5004B0F37 /* Extensions.swift */; };
		DBFFBE70297196EA004B0F37 /* RMCharacterCollectionViewCell.swift in Sources */ = {isa = PBXBuildFile; fileRef = DBFFBE6F297196EA004B0F37 /* RMCharacterCollectionViewCell.swift */; };
		DBFFBE7229719D77004B0F37 /* RMCharacterCollectionViewCellViewModel.swift in Sources */ = {isa = PBXBuildFile; fileRef = DBFFBE7129719D77004B0F37 /* RMCharacterCollectionViewCellViewModel.swift */; };
		DBFFBE752975987A004B0F37 /* RMCharacterDetailViewController.swift in Sources */ = {isa = PBXBuildFile; fileRef = DBFFBE742975987A004B0F37 /* RMCharacterDetailViewController.swift */; };
		DBFFBE77297598E7004B0F37 /* RMCharacterDetailView.swift in Sources */ = {isa = PBXBuildFile; fileRef = DBFFBE76297598E7004B0F37 /* RMCharacterDetailView.swift */; };
		DBFFBE7929759901004B0F37 /* RMCharacterDetailViewViewModel.swift in Sources */ = {isa = PBXBuildFile; fileRef = DBFFBE7829759901004B0F37 /* RMCharacterDetailViewViewModel.swift */; };
		DBFFBE7B2975BB7D004B0F37 /* RMFooterLoadingCollectionReusableView.swift in Sources */ = {isa = PBXBuildFile; fileRef = DBFFBE7A2975BB7D004B0F37 /* RMFooterLoadingCollectionReusableView.swift */; };
/* End PBXBuildFile section */

/* Begin PBXFileReference section */
		DBFFBE28296DE8AB004B0F37 /* RIckAndMorty.app */ = {isa = PBXFileReference; explicitFileType = wrapper.application; includeInIndex = 0; path = RIckAndMorty.app; sourceTree = BUILT_PRODUCTS_DIR; };
		DBFFBE2B296DE8AB004B0F37 /* AppDelegate.swift */ = {isa = PBXFileReference; lastKnownFileType = sourcecode.swift; path = AppDelegate.swift; sourceTree = "<group>"; };
		DBFFBE2D296DE8AB004B0F37 /* SceneDelegate.swift */ = {isa = PBXFileReference; lastKnownFileType = sourcecode.swift; path = SceneDelegate.swift; sourceTree = "<group>"; };
		DBFFBE2F296DE8AB004B0F37 /* RMTabViewController.swift */ = {isa = PBXFileReference; lastKnownFileType = sourcecode.swift; path = RMTabViewController.swift; sourceTree = "<group>"; };
		DBFFBE34296DE8AD004B0F37 /* Assets.xcassets */ = {isa = PBXFileReference; lastKnownFileType = folder.assetcatalog; path = Assets.xcassets; sourceTree = "<group>"; };
		DBFFBE37296DE8AD004B0F37 /* Base */ = {isa = PBXFileReference; lastKnownFileType = file.storyboard; name = Base; path = Base.lproj/LaunchScreen.storyboard; sourceTree = "<group>"; };
		DBFFBE39296DE8AD004B0F37 /* Info.plist */ = {isa = PBXFileReference; lastKnownFileType = text.plist.xml; path = Info.plist; sourceTree = "<group>"; };
		DBFFBE46296DEE0E004B0F37 /* RMLocations.swift */ = {isa = PBXFileReference; lastKnownFileType = sourcecode.swift; path = RMLocations.swift; sourceTree = "<group>"; };
		DBFFBE49296DEE45004B0F37 /* RMCharacter.swift */ = {isa = PBXFileReference; lastKnownFileType = sourcecode.swift; path = RMCharacter.swift; sourceTree = "<group>"; };
		DBFFBE4B296DEE51004B0F37 /* RMEpisode.swift */ = {isa = PBXFileReference; lastKnownFileType = sourcecode.swift; path = RMEpisode.swift; sourceTree = "<group>"; };
		DBFFBE4E296DEEDC004B0F37 /* RMCharacterViewController.swift */ = {isa = PBXFileReference; lastKnownFileType = sourcecode.swift; path = RMCharacterViewController.swift; sourceTree = "<group>"; };
		DBFFBE50296DEEEF004B0F37 /* RMLocationViewController.swift */ = {isa = PBXFileReference; lastKnownFileType = sourcecode.swift; path = RMLocationViewController.swift; sourceTree = "<group>"; };
		DBFFBE52296DEF09004B0F37 /* RMEpisodeViewController.swift */ = {isa = PBXFileReference; lastKnownFileType = sourcecode.swift; path = RMEpisodeViewController.swift; sourceTree = "<group>"; };
		DBFFBE54296DEF11004B0F37 /* RMSettingsViewController.swift */ = {isa = PBXFileReference; lastKnownFileType = sourcecode.swift; path = RMSettingsViewController.swift; sourceTree = "<group>"; };
		DBFFBE56296F9ABB004B0F37 /* RMService.swift */ = {isa = PBXFileReference; lastKnownFileType = sourcecode.swift; path = RMService.swift; sourceTree = "<group>"; };
		DBFFBE58296F9AD6004B0F37 /* RMRequest.swift */ = {isa = PBXFileReference; lastKnownFileType = sourcecode.swift; path = RMRequest.swift; sourceTree = "<group>"; };
		DBFFBE5A296F9B52004B0F37 /* RMEndpoint.swift */ = {isa = PBXFileReference; lastKnownFileType = sourcecode.swift; path = RMEndpoint.swift; sourceTree = "<group>"; };
		DBFFBE5C296F9F37004B0F37 /* RMOrigin.swift */ = {isa = PBXFileReference; lastKnownFileType = sourcecode.swift; path = RMOrigin.swift; sourceTree = "<group>"; };
		DBFFBE5E296F9F61004B0F37 /* RMSingleLocation.swift */ = {isa = PBXFileReference; lastKnownFileType = sourcecode.swift; path = RMSingleLocation.swift; sourceTree = "<group>"; };
		DBFFBE60296FA039004B0F37 /* RMCharacterStatus.swift */ = {isa = PBXFileReference; lastKnownFileType = sourcecode.swift; path = RMCharacterStatus.swift; sourceTree = "<group>"; };
		DBFFBE62296FA04D004B0F37 /* RMCharacterGender.swift */ = {isa = PBXFileReference; lastKnownFileType = sourcecode.swift; path = RMCharacterGender.swift; sourceTree = "<group>"; };
		DBFFBE672970CFFB004B0F37 /* RMGetAllCharactersResponse.swift */ = {isa = PBXFileReference; lastKnownFileType = sourcecode.swift; path = RMGetAllCharactersResponse.swift; sourceTree = "<group>"; };
		DBFFBE692970D375004B0F37 /* RMCharacterListViewViewModel.swift */ = {isa = PBXFileReference; lastKnownFileType = sourcecode.swift; path = RMCharacterListViewViewModel.swift; sourceTree = "<group>"; };
		DBFFBE6B2970D3D3004B0F37 /* RMCharacterListView.swift */ = {isa = PBXFileReference; lastKnownFileType = sourcecode.swift; path = RMCharacterListView.swift; sourceTree = "<group>"; };
		DBFFBE6D2970DDA5004B0F37 /* Extensions.swift */ = {isa = PBXFileReference; lastKnownFileType = sourcecode.swift; path = Extensions.swift; sourceTree = "<group>"; };
		DBFFBE6F297196EA004B0F37 /* RMCharacterCollectionViewCell.swift */ = {isa = PBXFileReference; lastKnownFileType = sourcecode.swift; path = RMCharacterCollectionViewCell.swift; sourceTree = "<group>"; };
		DBFFBE7129719D77004B0F37 /* RMCharacterCollectionViewCellViewModel.swift */ = {isa = PBXFileReference; lastKnownFileType = sourcecode.swift; path = RMCharacterCollectionViewCellViewModel.swift; sourceTree = "<group>"; };
		DBFFBE742975987A004B0F37 /* RMCharacterDetailViewController.swift */ = {isa = PBXFileReference; lastKnownFileType = sourcecode.swift; path = RMCharacterDetailViewController.swift; sourceTree = "<group>"; };
		DBFFBE76297598E7004B0F37 /* RMCharacterDetailView.swift */ = {isa = PBXFileReference; lastKnownFileType = sourcecode.swift; path = RMCharacterDetailView.swift; sourceTree = "<group>"; };
		DBFFBE7829759901004B0F37 /* RMCharacterDetailViewViewModel.swift */ = {isa = PBXFileReference; lastKnownFileType = sourcecode.swift; path = RMCharacterDetailViewViewModel.swift; sourceTree = "<group>"; };
		DBFFBE7A2975BB7D004B0F37 /* RMFooterLoadingCollectionReusableView.swift */ = {isa = PBXFileReference; lastKnownFileType = sourcecode.swift; path = RMFooterLoadingCollectionReusableView.swift; sourceTree = "<group>"; };
/* End PBXFileReference section */

/* Begin PBXFrameworksBuildPhase section */
		DBFFBE25296DE8AB004B0F37 /* Frameworks */ = {
			isa = PBXFrameworksBuildPhase;
			buildActionMask = 2147483647;
			files = (
			);
			runOnlyForDeploymentPostprocessing = 0;
		};
/* End PBXFrameworksBuildPhase section */

/* Begin PBXGroup section */
		DBFFBE1F296DE8AB004B0F37 = {
			isa = PBXGroup;
			children = (
				DBFFBE2A296DE8AB004B0F37 /* RIckAndMorty */,
				DBFFBE29296DE8AB004B0F37 /* Products */,
			);
			sourceTree = "<group>";
		};
		DBFFBE29296DE8AB004B0F37 /* Products */ = {
			isa = PBXGroup;
			children = (
				DBFFBE28296DE8AB004B0F37 /* RIckAndMorty.app */,
			);
			name = Products;
			sourceTree = "<group>";
		};
		DBFFBE2A296DE8AB004B0F37 /* RIckAndMorty */ = {
			isa = PBXGroup;
			children = (
				DBFFBE45296DEDBF004B0F37 /* Resources */,
				DBFFBE44296DEDB7004B0F37 /* APIClient */,
				DBFFBE42296DED99004B0F37 /* Controllers */,
				DBFFBE43296DEDA9004B0F37 /* Managers */,
				DBFFBE41296DED93004B0F37 /* Models */,
				DBFFBE40296DED89004B0F37 /* Views */,
				DBFFBE3F296DED7F004B0F37 /* ViewModels */,
				DBFFBE39296DE8AD004B0F37 /* Info.plist */,
			);
			path = RIckAndMorty;
			sourceTree = "<group>";
		};
		DBFFBE3F296DED7F004B0F37 /* ViewModels */ = {
			isa = PBXGroup;
			children = (
				DBFFBE692970D375004B0F37 /* RMCharacterListViewViewModel.swift */,
				DBFFBE7129719D77004B0F37 /* RMCharacterCollectionViewCellViewModel.swift */,
				DBFFBE7829759901004B0F37 /* RMCharacterDetailViewViewModel.swift */,
			);
			path = ViewModels;
			sourceTree = "<group>";
		};
		DBFFBE40296DED89004B0F37 /* Views */ = {
			isa = PBXGroup;
			children = (
				DBFFBE6B2970D3D3004B0F37 /* RMCharacterListView.swift */,
				DBFFBE6F297196EA004B0F37 /* RMCharacterCollectionViewCell.swift */,
				DBFFBE76297598E7004B0F37 /* RMCharacterDetailView.swift */,
				DBFFBE7A2975BB7D004B0F37 /* RMFooterLoadingCollectionReusableView.swift */,
			);
			path = Views;
			sourceTree = "<group>";
		};
		DBFFBE41296DED93004B0F37 /* Models */ = {
			isa = PBXGroup;
			children = (
				DBFFBE662970CFD2004B0F37 /* APIResponseTypes */,
				DBFFBE652970CFC5004B0F37 /* DataTypes */,
			);
			path = Models;
			sourceTree = "<group>";
		};
		DBFFBE42296DED99004B0F37 /* Controllers */ = {
			isa = PBXGroup;
			children = (
				DBFFBE732975985C004B0F37 /* Other */,
				DBFFBE4D296DEE9B004B0F37 /* Core */,
			);
			path = Controllers;
			sourceTree = "<group>";
		};
		DBFFBE43296DEDA9004B0F37 /* Managers */ = {
			isa = PBXGroup;
			children = (
			);
			path = Managers;
			sourceTree = "<group>";
		};
		DBFFBE44296DEDB7004B0F37 /* APIClient */ = {
			isa = PBXGroup;
			children = (
				DBFFBE56296F9ABB004B0F37 /* RMService.swift */,
				DBFFBE58296F9AD6004B0F37 /* RMRequest.swift */,
				DBFFBE5A296F9B52004B0F37 /* RMEndpoint.swift */,
			);
			path = APIClient;
			sourceTree = "<group>";
		};
		DBFFBE45296DEDBF004B0F37 /* Resources */ = {
			isa = PBXGroup;
			children = (
				DBFFBE2B296DE8AB004B0F37 /* AppDelegate.swift */,
				DBFFBE34296DE8AD004B0F37 /* Assets.xcassets */,
				DBFFBE36296DE8AD004B0F37 /* LaunchScreen.storyboard */,
				DBFFBE2D296DE8AB004B0F37 /* SceneDelegate.swift */,
				DBFFBE6D2970DDA5004B0F37 /* Extensions.swift */,
			);
			path = Resources;
			sourceTree = "<group>";
		};
		DBFFBE4D296DEE9B004B0F37 /* Core */ = {
			isa = PBXGroup;
			children = (
				DBFFBE2F296DE8AB004B0F37 /* RMTabViewController.swift */,
				DBFFBE4E296DEEDC004B0F37 /* RMCharacterViewController.swift */,
				DBFFBE50296DEEEF004B0F37 /* RMLocationViewController.swift */,
				DBFFBE52296DEF09004B0F37 /* RMEpisodeViewController.swift */,
				DBFFBE54296DEF11004B0F37 /* RMSettingsViewController.swift */,
			);
			path = Core;
			sourceTree = "<group>";
		};
		DBFFBE652970CFC5004B0F37 /* DataTypes */ = {
			isa = PBXGroup;
			children = (
				DBFFBE49296DEE45004B0F37 /* RMCharacter.swift */,
				DBFFBE46296DEE0E004B0F37 /* RMLocations.swift */,
				DBFFBE4B296DEE51004B0F37 /* RMEpisode.swift */,
				DBFFBE5C296F9F37004B0F37 /* RMOrigin.swift */,
				DBFFBE5E296F9F61004B0F37 /* RMSingleLocation.swift */,
				DBFFBE60296FA039004B0F37 /* RMCharacterStatus.swift */,
				DBFFBE62296FA04D004B0F37 /* RMCharacterGender.swift */,
			);
			path = DataTypes;
			sourceTree = "<group>";
		};
		DBFFBE662970CFD2004B0F37 /* APIResponseTypes */ = {
			isa = PBXGroup;
			children = (
				DBFFBE672970CFFB004B0F37 /* RMGetAllCharactersResponse.swift */,
			);
			path = APIResponseTypes;
			sourceTree = "<group>";
		};
		DBFFBE732975985C004B0F37 /* Other */ = {
			isa = PBXGroup;
			children = (
				DBFFBE742975987A004B0F37 /* RMCharacterDetailViewController.swift */,
			);
			path = Other;
			sourceTree = "<group>";
		};
/* End PBXGroup section */

/* Begin PBXNativeTarget section */
		DBFFBE27296DE8AB004B0F37 /* RIckAndMorty */ = {
			isa = PBXNativeTarget;
			buildConfigurationList = DBFFBE3C296DE8AD004B0F37 /* Build configuration list for PBXNativeTarget "RIckAndMorty" */;
			buildPhases = (
				DBFFBE24296DE8AB004B0F37 /* Sources */,
				DBFFBE25296DE8AB004B0F37 /* Frameworks */,
				DBFFBE26296DE8AB004B0F37 /* Resources */,
			);
			buildRules = (
			);
			dependencies = (
			);
			name = RIckAndMorty;
			productName = RIckAndMorty;
			productReference = DBFFBE28296DE8AB004B0F37 /* RIckAndMorty.app */;
			productType = "com.apple.product-type.application";
		};
/* End PBXNativeTarget section */

/* Begin PBXProject section */
		DBFFBE20296DE8AB004B0F37 /* Project object */ = {
			isa = PBXProject;
			attributes = {
				BuildIndependentTargetsInParallel = 1;
				LastSwiftUpdateCheck = 1420;
				LastUpgradeCheck = 1420;
				TargetAttributes = {
					DBFFBE27296DE8AB004B0F37 = {
						CreatedOnToolsVersion = 14.2;
					};
				};
			};
			buildConfigurationList = DBFFBE23296DE8AB004B0F37 /* Build configuration list for PBXProject "RIckAndMorty" */;
			compatibilityVersion = "Xcode 14.0";
			developmentRegion = en;
			hasScannedForEncodings = 0;
			knownRegions = (
				en,
				Base,
			);
			mainGroup = DBFFBE1F296DE8AB004B0F37;
			productRefGroup = DBFFBE29296DE8AB004B0F37 /* Products */;
			projectDirPath = "";
			projectRoot = "";
			targets = (
				DBFFBE27296DE8AB004B0F37 /* RIckAndMorty */,
			);
		};
/* End PBXProject section */

/* Begin PBXResourcesBuildPhase section */
		DBFFBE26296DE8AB004B0F37 /* Resources */ = {
			isa = PBXResourcesBuildPhase;
			buildActionMask = 2147483647;
			files = (
				DBFFBE38296DE8AD004B0F37 /* LaunchScreen.storyboard in Resources */,
				DBFFBE35296DE8AD004B0F37 /* Assets.xcassets in Resources */,
			);
			runOnlyForDeploymentPostprocessing = 0;
		};
/* End PBXResourcesBuildPhase section */

/* Begin PBXSourcesBuildPhase section */
		DBFFBE24296DE8AB004B0F37 /* Sources */ = {
			isa = PBXSourcesBuildPhase;
			buildActionMask = 2147483647;
			files = (
				DBFFBE5D296F9F37004B0F37 /* RMOrigin.swift in Sources */,
				DBFFBE7929759901004B0F37 /* RMCharacterDetailViewViewModel.swift in Sources */,
				DBFFBE51296DEEEF004B0F37 /* RMLocationViewController.swift in Sources */,
				DBFFBE6C2970D3D3004B0F37 /* RMCharacterListView.swift in Sources */,
				DBFFBE682970CFFB004B0F37 /* RMGetAllCharactersResponse.swift in Sources */,
				DBFFBE61296FA039004B0F37 /* RMCharacterStatus.swift in Sources */,
				DBFFBE63296FA04D004B0F37 /* RMCharacterGender.swift in Sources */,
				DBFFBE752975987A004B0F37 /* RMCharacterDetailViewController.swift in Sources */,
				DBFFBE7B2975BB7D004B0F37 /* RMFooterLoadingCollectionReusableView.swift in Sources */,
				DBFFBE4C296DEE51004B0F37 /* RMEpisode.swift in Sources */,
				DBFFBE30296DE8AB004B0F37 /* RMTabViewController.swift in Sources */,
				DBFFBE53296DEF09004B0F37 /* RMEpisodeViewController.swift in Sources */,
				DBFFBE70297196EA004B0F37 /* RMCharacterCollectionViewCell.swift in Sources */,
				DBFFBE2C296DE8AB004B0F37 /* AppDelegate.swift in Sources */,
				DBFFBE2E296DE8AB004B0F37 /* SceneDelegate.swift in Sources */,
				DBFFBE5F296F9F61004B0F37 /* RMSingleLocation.swift in Sources */,
				DBFFBE55296DEF11004B0F37 /* RMSettingsViewController.swift in Sources */,
				DBFFBE6E2970DDA5004B0F37 /* Extensions.swift in Sources */,
				DBFFBE57296F9ABB004B0F37 /* RMService.swift in Sources */,
				DBFFBE47296DEE0E004B0F37 /* RMLocations.swift in Sources */,
				DBFFBE5B296F9B52004B0F37 /* RMEndpoint.swift in Sources */,
				DBFFBE4A296DEE45004B0F37 /* RMCharacter.swift in Sources */,
				DBFFBE7229719D77004B0F37 /* RMCharacterCollectionViewCellViewModel.swift in Sources */,
				DBFFBE59296F9AD6004B0F37 /* RMRequest.swift in Sources */,
				DBFFBE6A2970D376004B0F37 /* RMCharacterListViewViewModel.swift in Sources */,
				DBFFBE4F296DEEDC004B0F37 /* RMCharacterViewController.swift in Sources */,
				DBFFBE77297598E7004B0F37 /* RMCharacterDetailView.swift in Sources */,
			);
			runOnlyForDeploymentPostprocessing = 0;
		};
/* End PBXSourcesBuildPhase section */

/* Begin PBXVariantGroup section */
		DBFFBE36296DE8AD004B0F37 /* LaunchScreen.storyboard */ = {
			isa = PBXVariantGroup;
			children = (
				DBFFBE37296DE8AD004B0F37 /* Base */,
			);
			name = LaunchScreen.storyboard;
			sourceTree = "<group>";
		};
/* End PBXVariantGroup section */

/* Begin XCBuildConfiguration section */
		DBFFBE3A296DE8AD004B0F37 /* Debug */ = {
			isa = XCBuildConfiguration;
			buildSettings = {
				ALWAYS_SEARCH_USER_PATHS = NO;
				CLANG_ANALYZER_NONNULL = YES;
				CLANG_ANALYZER_NUMBER_OBJECT_CONVERSION = YES_AGGRESSIVE;
				CLANG_CXX_LANGUAGE_STANDARD = "gnu++20";
				CLANG_ENABLE_MODULES = YES;
				CLANG_ENABLE_OBJC_ARC = YES;
				CLANG_ENABLE_OBJC_WEAK = YES;
				CLANG_WARN_BLOCK_CAPTURE_AUTORELEASING = YES;
				CLANG_WARN_BOOL_CONVERSION = YES;
				CLANG_WARN_COMMA = YES;
				CLANG_WARN_CONSTANT_CONVERSION = YES;
				CLANG_WARN_DEPRECATED_OBJC_IMPLEMENTATIONS = YES;
				CLANG_WARN_DIRECT_OBJC_ISA_USAGE = YES_ERROR;
				CLANG_WARN_DOCUMENTATION_COMMENTS = YES;
				CLANG_WARN_EMPTY_BODY = YES;
				CLANG_WARN_ENUM_CONVERSION = YES;
				CLANG_WARN_INFINITE_RECURSION = YES;
				CLANG_WARN_INT_CONVERSION = YES;
				CLANG_WARN_NON_LITERAL_NULL_CONVERSION = YES;
				CLANG_WARN_OBJC_IMPLICIT_RETAIN_SELF = YES;
				CLANG_WARN_OBJC_LITERAL_CONVERSION = YES;
				CLANG_WARN_OBJC_ROOT_CLASS = YES_ERROR;
				CLANG_WARN_QUOTED_INCLUDE_IN_FRAMEWORK_HEADER = YES;
				CLANG_WARN_RANGE_LOOP_ANALYSIS = YES;
				CLANG_WARN_STRICT_PROTOTYPES = YES;
				CLANG_WARN_SUSPICIOUS_MOVE = YES;
				CLANG_WARN_UNGUARDED_AVAILABILITY = YES_AGGRESSIVE;
				CLANG_WARN_UNREACHABLE_CODE = YES;
				CLANG_WARN__DUPLICATE_METHOD_MATCH = YES;
				COPY_PHASE_STRIP = NO;
				DEBUG_INFORMATION_FORMAT = dwarf;
				ENABLE_STRICT_OBJC_MSGSEND = YES;
				ENABLE_TESTABILITY = YES;
				GCC_C_LANGUAGE_STANDARD = gnu11;
				GCC_DYNAMIC_NO_PIC = NO;
				GCC_NO_COMMON_BLOCKS = YES;
				GCC_OPTIMIZATION_LEVEL = 0;
				GCC_PREPROCESSOR_DEFINITIONS = (
					"DEBUG=1",
					"$(inherited)",
				);
				GCC_WARN_64_TO_32_BIT_CONVERSION = YES;
				GCC_WARN_ABOUT_RETURN_TYPE = YES_ERROR;
				GCC_WARN_UNDECLARED_SELECTOR = YES;
				GCC_WARN_UNINITIALIZED_AUTOS = YES_AGGRESSIVE;
				GCC_WARN_UNUSED_FUNCTION = YES;
				GCC_WARN_UNUSED_VARIABLE = YES;
				IPHONEOS_DEPLOYMENT_TARGET = 16.2;
				MTL_ENABLE_DEBUG_INFO = INCLUDE_SOURCE;
				MTL_FAST_MATH = YES;
				ONLY_ACTIVE_ARCH = YES;
				SDKROOT = iphoneos;
				SWIFT_ACTIVE_COMPILATION_CONDITIONS = DEBUG;
				SWIFT_OPTIMIZATION_LEVEL = "-Onone";
			};
			name = Debug;
		};
		DBFFBE3B296DE8AD004B0F37 /* Release */ = {
			isa = XCBuildConfiguration;
			buildSettings = {
				ALWAYS_SEARCH_USER_PATHS = NO;
				CLANG_ANALYZER_NONNULL = YES;
				CLANG_ANALYZER_NUMBER_OBJECT_CONVERSION = YES_AGGRESSIVE;
				CLANG_CXX_LANGUAGE_STANDARD = "gnu++20";
				CLANG_ENABLE_MODULES = YES;
				CLANG_ENABLE_OBJC_ARC = YES;
				CLANG_ENABLE_OBJC_WEAK = YES;
				CLANG_WARN_BLOCK_CAPTURE_AUTORELEASING = YES;
				CLANG_WARN_BOOL_CONVERSION = YES;
				CLANG_WARN_COMMA = YES;
				CLANG_WARN_CONSTANT_CONVERSION = YES;
				CLANG_WARN_DEPRECATED_OBJC_IMPLEMENTATIONS = YES;
				CLANG_WARN_DIRECT_OBJC_ISA_USAGE = YES_ERROR;
				CLANG_WARN_DOCUMENTATION_COMMENTS = YES;
				CLANG_WARN_EMPTY_BODY = YES;
				CLANG_WARN_ENUM_CONVERSION = YES;
				CLANG_WARN_INFINITE_RECURSION = YES;
				CLANG_WARN_INT_CONVERSION = YES;
				CLANG_WARN_NON_LITERAL_NULL_CONVERSION = YES;
				CLANG_WARN_OBJC_IMPLICIT_RETAIN_SELF = YES;
				CLANG_WARN_OBJC_LITERAL_CONVERSION = YES;
				CLANG_WARN_OBJC_ROOT_CLASS = YES_ERROR;
				CLANG_WARN_QUOTED_INCLUDE_IN_FRAMEWORK_HEADER = YES;
				CLANG_WARN_RANGE_LOOP_ANALYSIS = YES;
				CLANG_WARN_STRICT_PROTOTYPES = YES;
				CLANG_WARN_SUSPICIOUS_MOVE = YES;
				CLANG_WARN_UNGUARDED_AVAILABILITY = YES_AGGRESSIVE;
				CLANG_WARN_UNREACHABLE_CODE = YES;
				CLANG_WARN__DUPLICATE_METHOD_MATCH = YES;
				COPY_PHASE_STRIP = NO;
				DEBUG_INFORMATION_FORMAT = "dwarf-with-dsym";
				ENABLE_NS_ASSERTIONS = NO;
				ENABLE_STRICT_OBJC_MSGSEND = YES;
				GCC_C_LANGUAGE_STANDARD = gnu11;
				GCC_NO_COMMON_BLOCKS = YES;
				GCC_WARN_64_TO_32_BIT_CONVERSION = YES;
				GCC_WARN_ABOUT_RETURN_TYPE = YES_ERROR;
				GCC_WARN_UNDECLARED_SELECTOR = YES;
				GCC_WARN_UNINITIALIZED_AUTOS = YES_AGGRESSIVE;
				GCC_WARN_UNUSED_FUNCTION = YES;
				GCC_WARN_UNUSED_VARIABLE = YES;
				IPHONEOS_DEPLOYMENT_TARGET = 16.2;
				MTL_ENABLE_DEBUG_INFO = NO;
				MTL_FAST_MATH = YES;
				SDKROOT = iphoneos;
				SWIFT_COMPILATION_MODE = wholemodule;
				SWIFT_OPTIMIZATION_LEVEL = "-O";
				VALIDATE_PRODUCT = YES;
			};
			name = Release;
		};
		DBFFBE3D296DE8AD004B0F37 /* Debug */ = {
			isa = XCBuildConfiguration;
			buildSettings = {
				ASSETCATALOG_COMPILER_APPICON_NAME = AppIcon;
				ASSETCATALOG_COMPILER_GLOBAL_ACCENT_COLOR_NAME = AccentColor;
				CODE_SIGN_STYLE = Automatic;
				CURRENT_PROJECT_VERSION = 1;
				DEVELOPMENT_TEAM = Q8FTKQV35B;
				GENERATE_INFOPLIST_FILE = YES;
				INFOPLIST_FILE = RIckAndMorty/Info.plist;
				INFOPLIST_KEY_UIApplicationSupportsIndirectInputEvents = YES;
				INFOPLIST_KEY_UILaunchStoryboardName = LaunchScreen;
				INFOPLIST_KEY_UISupportedInterfaceOrientations_iPad = "UIInterfaceOrientationPortrait UIInterfaceOrientationPortraitUpsideDown UIInterfaceOrientationLandscapeLeft UIInterfaceOrientationLandscapeRight";
				INFOPLIST_KEY_UISupportedInterfaceOrientations_iPhone = "UIInterfaceOrientationPortrait UIInterfaceOrientationLandscapeLeft UIInterfaceOrientationLandscapeRight";
				LD_RUNPATH_SEARCH_PATHS = (
					"$(inherited)",
					"@executable_path/Frameworks",
				);
				MARKETING_VERSION = 1.0;
				PRODUCT_BUNDLE_IDENTIFIER = "Felipe-Vieira.RIckAndMorty";
				PRODUCT_NAME = "$(TARGET_NAME)";
				SWIFT_EMIT_LOC_STRINGS = YES;
				SWIFT_VERSION = 5.0;
				TARGETED_DEVICE_FAMILY = "1,2";
			};
			name = Debug;
		};
		DBFFBE3E296DE8AD004B0F37 /* Release */ = {
			isa = XCBuildConfiguration;
			buildSettings = {
				ASSETCATALOG_COMPILER_APPICON_NAME = AppIcon;
				ASSETCATALOG_COMPILER_GLOBAL_ACCENT_COLOR_NAME = AccentColor;
				CODE_SIGN_STYLE = Automatic;
				CURRENT_PROJECT_VERSION = 1;
				DEVELOPMENT_TEAM = Q8FTKQV35B;
				GENERATE_INFOPLIST_FILE = YES;
				INFOPLIST_FILE = RIckAndMorty/Info.plist;
				INFOPLIST_KEY_UIApplicationSupportsIndirectInputEvents = YES;
				INFOPLIST_KEY_UILaunchStoryboardName = LaunchScreen;
				INFOPLIST_KEY_UISupportedInterfaceOrientations_iPad = "UIInterfaceOrientationPortrait UIInterfaceOrientationPortraitUpsideDown UIInterfaceOrientationLandscapeLeft UIInterfaceOrientationLandscapeRight";
				INFOPLIST_KEY_UISupportedInterfaceOrientations_iPhone = "UIInterfaceOrientationPortrait UIInterfaceOrientationLandscapeLeft UIInterfaceOrientationLandscapeRight";
				LD_RUNPATH_SEARCH_PATHS = (
					"$(inherited)",
					"@executable_path/Frameworks",
				);
				MARKETING_VERSION = 1.0;
				PRODUCT_BUNDLE_IDENTIFIER = "Felipe-Vieira.RIckAndMorty";
				PRODUCT_NAME = "$(TARGET_NAME)";
				SWIFT_EMIT_LOC_STRINGS = YES;
				SWIFT_VERSION = 5.0;
				TARGETED_DEVICE_FAMILY = "1,2";
			};
			name = Release;
		};
/* End XCBuildConfiguration section */

/* Begin XCConfigurationList section */
		DBFFBE23296DE8AB004B0F37 /* Build configuration list for PBXProject "RIckAndMorty" */ = {
			isa = XCConfigurationList;
			buildConfigurations = (
				DBFFBE3A296DE8AD004B0F37 /* Debug */,
				DBFFBE3B296DE8AD004B0F37 /* Release */,
			);
			defaultConfigurationIsVisible = 0;
			defaultConfigurationName = Release;
		};
		DBFFBE3C296DE8AD004B0F37 /* Build configuration list for PBXNativeTarget "RIckAndMorty" */ = {
			isa = XCConfigurationList;
			buildConfigurations = (
				DBFFBE3D296DE8AD004B0F37 /* Debug */,
				DBFFBE3E296DE8AD004B0F37 /* Release */,
			);
			defaultConfigurationIsVisible = 0;
			defaultConfigurationName = Release;
		};
/* End XCConfigurationList section */
	};
	rootObject = DBFFBE20296DE8AB004B0F37 /* Project object */;
}
